// !$*UTF8*$!
{
	archiveVersion = 1;
	classes = {
	};
	objectVersion = 46;
	objects = {

/* Begin PBXBuildFile section */
		2406C51B1CE02F9B00AF6102 /* WJPeripheralVC.m in Sources */ = {isa = PBXBuildFile; fileRef = 2406C51A1CE02F9B00AF6102 /* WJPeripheralVC.m */; };
		2406C51E1CE031D100AF6102 /* WJBaseCell.m in Sources */ = {isa = PBXBuildFile; fileRef = 2406C51D1CE031D100AF6102 /* WJBaseCell.m */; };
		2406C5211CE033A100AF6102 /* WJPeripheralCell.m in Sources */ = {isa = PBXBuildFile; fileRef = 2406C5201CE033A100AF6102 /* WJPeripheralCell.m */; };
		24243BE21CE5CEF60005BA55 /* WJCharacteristicVC.m in Sources */ = {isa = PBXBuildFile; fileRef = 24243BE11CE5CEF60005BA55 /* WJCharacteristicVC.m */; };
		24B9F3A51CE466410032EAA4 /* UIColor+WJColor.m in Sources */ = {isa = PBXBuildFile; fileRef = 24B9F3A41CE466410032EAA4 /* UIColor+WJColor.m */; };
		24B9F3A81CE46A6A0032EAA4 /* WJServerCell.m in Sources */ = {isa = PBXBuildFile; fileRef = 24B9F3A71CE46A6A0032EAA4 /* WJServerCell.m */; };
		24CD14131CD9A2C200E19F1B /* main.m in Sources */ = {isa = PBXBuildFile; fileRef = 24CD14121CD9A2C200E19F1B /* main.m */; };
		24CD14161CD9A2C200E19F1B /* AppDelegate.m in Sources */ = {isa = PBXBuildFile; fileRef = 24CD14151CD9A2C200E19F1B /* AppDelegate.m */; };
		24CD14191CD9A2C200E19F1B /* ViewController.m in Sources */ = {isa = PBXBuildFile; fileRef = 24CD14181CD9A2C200E19F1B /* ViewController.m */; };
		24CD141C1CD9A2C200E19F1B /* Main.storyboard in Resources */ = {isa = PBXBuildFile; fileRef = 24CD141A1CD9A2C200E19F1B /* Main.storyboard */; };
		24CD141E1CD9A2C200E19F1B /* Assets.xcassets in Resources */ = {isa = PBXBuildFile; fileRef = 24CD141D1CD9A2C200E19F1B /* Assets.xcassets */; };
		24CD14211CD9A2C200E19F1B /* LaunchScreen.storyboard in Resources */ = {isa = PBXBuildFile; fileRef = 24CD141F1CD9A2C200E19F1B /* LaunchScreen.storyboard */; };
		24CD14491CD9A31B00E19F1B /* BluetoothPeripheral.m in Sources */ = {isa = PBXBuildFile; fileRef = 24CD14461CD9A31B00E19F1B /* BluetoothPeripheral.m */; };
		24CD144A1CD9A31B00E19F1B /* OBDBluetooth.m in Sources */ = {isa = PBXBuildFile; fileRef = 24CD14481CD9A31B00E19F1B /* OBDBluetooth.m */; };
		24CD144F1CD9B2C500E19F1B /* WJBaseCV.m in Sources */ = {isa = PBXBuildFile; fileRef = 24CD144E1CD9B2C500E19F1B /* WJBaseCV.m */; };
		24DB8FB41CEC516400700644 /* GoogleMobileAds.framework in Frameworks */ = {isa = PBXBuildFile; fileRef = 24DB8FB31CEC516400700644 /* GoogleMobileAds.framework */; };
		24EA438D1CE1BAD000DC1C57 /* WJServerVC.m in Sources */ = {isa = PBXBuildFile; fileRef = 24EA438C1CE1BAD000DC1C57 /* WJServerVC.m */; };
		24F962C81CEAF4B2007973CA /* back.png in Resources */ = {isa = PBXBuildFile; fileRef = 24F962C71CEAF4B2007973CA /* back.png */; };
		24F962CA1CEAFF15007973CA /* rightArrow.png in Resources */ = {isa = PBXBuildFile; fileRef = 24F962C91CEAFF15007973CA /* rightArrow.png */; };
		24F962CD1CEB0605007973CA /* WJCharacteristicCell.m in Sources */ = {isa = PBXBuildFile; fileRef = 24F962CC1CEB0605007973CA /* WJCharacteristicCell.m */; };
		535894C221A504480047A306 /* Interface.storyboard in Resources */ = {isa = PBXBuildFile; fileRef = 535894C021A504480047A306 /* Interface.storyboard */; };
		535894C421A504490047A306 /* Assets.xcassets in Resources */ = {isa = PBXBuildFile; fileRef = 535894C321A504490047A306 /* Assets.xcassets */; };
		535894CB21A504490047A306 /* WJBlueListsWatch Extension.appex in Embed App Extensions */ = {isa = PBXBuildFile; fileRef = 535894CA21A504490047A306 /* WJBlueListsWatch Extension.appex */; settings = {ATTRIBUTES = (RemoveHeadersOnCopy, ); }; };
		535894DE21A5044A0047A306 /* WJBlueListsWatch.app in Embed Watch Content */ = {isa = PBXBuildFile; fileRef = 535894BE21A504480047A306 /* WJBlueListsWatch.app */; };
		535894F121A504660047A306 /* PushNotificationPayload.apns in Resources */ = {isa = PBXBuildFile; fileRef = 535894E821A504660047A306 /* PushNotificationPayload.apns */; };
		535894F221A504660047A306 /* ExtensionDelegate.m in Sources */ = {isa = PBXBuildFile; fileRef = 535894E921A504660047A306 /* ExtensionDelegate.m */; };
		535894F321A504660047A306 /* NotificationController.m in Sources */ = {isa = PBXBuildFile; fileRef = 535894EA21A504660047A306 /* NotificationController.m */; };
		535894F421A504660047A306 /* InterfaceController.m in Sources */ = {isa = PBXBuildFile; fileRef = 535894EB21A504660047A306 /* InterfaceController.m */; };
		535894F521A504660047A306 /* Assets.xcassets in Resources */ = {isa = PBXBuildFile; fileRef = 535894EC21A504660047A306 /* Assets.xcassets */; };
		535894F621A504660047A306 /* Info.plist in Resources */ = {isa = PBXBuildFile; fileRef = 535894F021A504660047A306 /* Info.plist */; };
		539514021DE6930A0059F87A /* NotificationCenter.framework in Frameworks */ = {isa = PBXBuildFile; fileRef = 539514011DE6930A0059F87A /* NotificationCenter.framework */; };
		539514061DE6930A0059F87A /* TodayViewController.m in Sources */ = {isa = PBXBuildFile; fileRef = 539514051DE6930A0059F87A /* TodayViewController.m */; };
		5395140D1DE6930A0059F87A /* WJBlueListWidget.appex in Embed App Extensions */ = {isa = PBXBuildFile; fileRef = 539514001DE6930A0059F87A /* WJBlueListWidget.appex */; settings = {ATTRIBUTES = (RemoveHeadersOnCopy, ); }; };
		539514141DE694940059F87A /* longdaishequ_W@2x.png in Resources */ = {isa = PBXBuildFile; fileRef = 539514121DE694940059F87A /* longdaishequ_W@2x.png */; };
		539514151DE694940059F87A /* longdaishequ_W@2x.png in Resources */ = {isa = PBXBuildFile; fileRef = 539514121DE694940059F87A /* longdaishequ_W@2x.png */; };
		539514161DE694940059F87A /* longdaishequ_W@3x.png in Resources */ = {isa = PBXBuildFile; fileRef = 539514131DE694940059F87A /* longdaishequ_W@3x.png */; };
		539514171DE694940059F87A /* longdaishequ_W@3x.png in Resources */ = {isa = PBXBuildFile; fileRef = 539514131DE694940059F87A /* longdaishequ_W@3x.png */; };
		D1B3546C1E34E30EF73EE360 /* libPods.a in Frameworks */ = {isa = PBXBuildFile; fileRef = 51CD05A38C923D2E889C4936 /* libPods.a */; };
/* End PBXBuildFile section */

/* Begin PBXContainerItemProxy section */
		535894CC21A504490047A306 /* PBXContainerItemProxy */ = {
			isa = PBXContainerItemProxy;
			containerPortal = 24CD14061CD9A2C200E19F1B /* Project object */;
			proxyType = 1;
			remoteGlobalIDString = 535894C921A504490047A306;
			remoteInfo = "WJBlueListsWatch Extension";
		};
		535894DC21A5044A0047A306 /* PBXContainerItemProxy */ = {
			isa = PBXContainerItemProxy;
			containerPortal = 24CD14061CD9A2C200E19F1B /* Project object */;
			proxyType = 1;
			remoteGlobalIDString = 535894BD21A504480047A306;
			remoteInfo = WJBlueListsWatch;
		};
		5395140B1DE6930A0059F87A /* PBXContainerItemProxy */ = {
			isa = PBXContainerItemProxy;
			containerPortal = 24CD14061CD9A2C200E19F1B /* Project object */;
			proxyType = 1;
			remoteGlobalIDString = 539513FF1DE6930A0059F87A;
			remoteInfo = WJBlueListWidget;
		};
/* End PBXContainerItemProxy section */

/* Begin PBXCopyFilesBuildPhase section */
		535894E421A5044A0047A306 /* Embed App Extensions */ = {
			isa = PBXCopyFilesBuildPhase;
			buildActionMask = 2147483647;
			dstPath = "";
			dstSubfolderSpec = 13;
			files = (
				535894CB21A504490047A306 /* WJBlueListsWatch Extension.appex in Embed App Extensions */,
			);
			name = "Embed App Extensions";
			runOnlyForDeploymentPostprocessing = 0;
		};
		535894E621A5044A0047A306 /* Embed Watch Content */ = {
			isa = PBXCopyFilesBuildPhase;
			buildActionMask = 2147483647;
			dstPath = "$(CONTENTS_FOLDER_PATH)/Watch";
			dstSubfolderSpec = 16;
			files = (
				535894DE21A5044A0047A306 /* WJBlueListsWatch.app in Embed Watch Content */,
			);
			name = "Embed Watch Content";
			runOnlyForDeploymentPostprocessing = 0;
		};
		539514111DE6930A0059F87A /* Embed App Extensions */ = {
			isa = PBXCopyFilesBuildPhase;
			buildActionMask = 2147483647;
			dstPath = "";
			dstSubfolderSpec = 13;
			files = (
				5395140D1DE6930A0059F87A /* WJBlueListWidget.appex in Embed App Extensions */,
			);
			name = "Embed App Extensions";
			runOnlyForDeploymentPostprocessing = 0;
		};
/* End PBXCopyFilesBuildPhase section */

/* Begin PBXFileReference section */
		2406C5191CE02F9B00AF6102 /* WJPeripheralVC.h */ = {isa = PBXFileReference; fileEncoding = 4; lastKnownFileType = sourcecode.c.h; path = WJPeripheralVC.h; sourceTree = "<group>"; };
		2406C51A1CE02F9B00AF6102 /* WJPeripheralVC.m */ = {isa = PBXFileReference; fileEncoding = 4; lastKnownFileType = sourcecode.c.objc; path = WJPeripheralVC.m; sourceTree = "<group>"; };
		2406C51C1CE031D100AF6102 /* WJBaseCell.h */ = {isa = PBXFileReference; fileEncoding = 4; lastKnownFileType = sourcecode.c.h; path = WJBaseCell.h; sourceTree = "<group>"; };
		2406C51D1CE031D100AF6102 /* WJBaseCell.m */ = {isa = PBXFileReference; fileEncoding = 4; lastKnownFileType = sourcecode.c.objc; path = WJBaseCell.m; sourceTree = "<group>"; };
		2406C51F1CE033A100AF6102 /* WJPeripheralCell.h */ = {isa = PBXFileReference; fileEncoding = 4; lastKnownFileType = sourcecode.c.h; path = WJPeripheralCell.h; sourceTree = "<group>"; };
		2406C5201CE033A100AF6102 /* WJPeripheralCell.m */ = {isa = PBXFileReference; fileEncoding = 4; lastKnownFileType = sourcecode.c.objc; path = WJPeripheralCell.m; sourceTree = "<group>"; };
		24243BE01CE5CEF60005BA55 /* WJCharacteristicVC.h */ = {isa = PBXFileReference; fileEncoding = 4; lastKnownFileType = sourcecode.c.h; path = WJCharacteristicVC.h; sourceTree = "<group>"; };
		24243BE11CE5CEF60005BA55 /* WJCharacteristicVC.m */ = {isa = PBXFileReference; fileEncoding = 4; lastKnownFileType = sourcecode.c.objc; path = WJCharacteristicVC.m; sourceTree = "<group>"; };
		24B9F3A31CE466410032EAA4 /* UIColor+WJColor.h */ = {isa = PBXFileReference; fileEncoding = 4; lastKnownFileType = sourcecode.c.h; path = "UIColor+WJColor.h"; sourceTree = "<group>"; };
		24B9F3A41CE466410032EAA4 /* UIColor+WJColor.m */ = {isa = PBXFileReference; fileEncoding = 4; lastKnownFileType = sourcecode.c.objc; path = "UIColor+WJColor.m"; sourceTree = "<group>"; };
		24B9F3A61CE46A6A0032EAA4 /* WJServerCell.h */ = {isa = PBXFileReference; fileEncoding = 4; lastKnownFileType = sourcecode.c.h; path = WJServerCell.h; sourceTree = "<group>"; };
		24B9F3A71CE46A6A0032EAA4 /* WJServerCell.m */ = {isa = PBXFileReference; fileEncoding = 4; lastKnownFileType = sourcecode.c.objc; path = WJServerCell.m; sourceTree = "<group>"; };
		24CD140E1CD9A2C200E19F1B /* WJBlueLists.app */ = {isa = PBXFileReference; explicitFileType = wrapper.application; includeInIndex = 0; path = WJBlueLists.app; sourceTree = BUILT_PRODUCTS_DIR; };
		24CD14121CD9A2C200E19F1B /* main.m */ = {isa = PBXFileReference; lastKnownFileType = sourcecode.c.objc; path = main.m; sourceTree = "<group>"; };
		24CD14141CD9A2C200E19F1B /* AppDelegate.h */ = {isa = PBXFileReference; lastKnownFileType = sourcecode.c.h; path = AppDelegate.h; sourceTree = "<group>"; };
		24CD14151CD9A2C200E19F1B /* AppDelegate.m */ = {isa = PBXFileReference; lastKnownFileType = sourcecode.c.objc; path = AppDelegate.m; sourceTree = "<group>"; };
		24CD14171CD9A2C200E19F1B /* ViewController.h */ = {isa = PBXFileReference; lastKnownFileType = sourcecode.c.h; path = ViewController.h; sourceTree = "<group>"; };
		24CD14181CD9A2C200E19F1B /* ViewController.m */ = {isa = PBXFileReference; lastKnownFileType = sourcecode.c.objc; path = ViewController.m; sourceTree = "<group>"; };
		24CD141B1CD9A2C200E19F1B /* Base */ = {isa = PBXFileReference; lastKnownFileType = file.storyboard; name = Base; path = Base.lproj/Main.storyboard; sourceTree = "<group>"; };
		24CD141D1CD9A2C200E19F1B /* Assets.xcassets */ = {isa = PBXFileReference; lastKnownFileType = folder.assetcatalog; path = Assets.xcassets; sourceTree = "<group>"; };
		24CD14201CD9A2C200E19F1B /* Base */ = {isa = PBXFileReference; lastKnownFileType = file.storyboard; name = Base; path = Base.lproj/LaunchScreen.storyboard; sourceTree = "<group>"; };
		24CD14221CD9A2C200E19F1B /* Info.plist */ = {isa = PBXFileReference; lastKnownFileType = text.plist.xml; path = Info.plist; sourceTree = "<group>"; };
		24CD14451CD9A31B00E19F1B /* BluetoothPeripheral.h */ = {isa = PBXFileReference; fileEncoding = 4; lastKnownFileType = sourcecode.c.h; path = BluetoothPeripheral.h; sourceTree = "<group>"; };
		24CD14461CD9A31B00E19F1B /* BluetoothPeripheral.m */ = {isa = PBXFileReference; fileEncoding = 4; lastKnownFileType = sourcecode.c.objc; path = BluetoothPeripheral.m; sourceTree = "<group>"; };
		24CD14471CD9A31B00E19F1B /* OBDBluetooth.h */ = {isa = PBXFileReference; fileEncoding = 4; lastKnownFileType = sourcecode.c.h; path = OBDBluetooth.h; sourceTree = "<group>"; };
		24CD14481CD9A31B00E19F1B /* OBDBluetooth.m */ = {isa = PBXFileReference; fileEncoding = 4; lastKnownFileType = sourcecode.c.objc; path = OBDBluetooth.m; sourceTree = "<group>"; };
		24CD144B1CD9A3A600E19F1B /* blue_per.pch */ = {isa = PBXFileReference; lastKnownFileType = sourcecode.c.h; path = blue_per.pch; sourceTree = "<group>"; };
		24CD144D1CD9B2C500E19F1B /* WJBaseCV.h */ = {isa = PBXFileReference; fileEncoding = 4; lastKnownFileType = sourcecode.c.h; path = WJBaseCV.h; sourceTree = "<group>"; };
		24CD144E1CD9B2C500E19F1B /* WJBaseCV.m */ = {isa = PBXFileReference; fileEncoding = 4; lastKnownFileType = sourcecode.c.objc; path = WJBaseCV.m; sourceTree = "<group>"; };
		24DB8FB31CEC516400700644 /* GoogleMobileAds.framework */ = {isa = PBXFileReference; lastKnownFileType = wrapper.framework; path = GoogleMobileAds.framework; sourceTree = "<group>"; };
		24EA438B1CE1BAD000DC1C57 /* WJServerVC.h */ = {isa = PBXFileReference; fileEncoding = 4; lastKnownFileType = sourcecode.c.h; path = WJServerVC.h; sourceTree = "<group>"; };
		24EA438C1CE1BAD000DC1C57 /* WJServerVC.m */ = {isa = PBXFileReference; fileEncoding = 4; lastKnownFileType = sourcecode.c.objc; path = WJServerVC.m; sourceTree = "<group>"; };
		24F962C71CEAF4B2007973CA /* back.png */ = {isa = PBXFileReference; lastKnownFileType = image.png; path = back.png; sourceTree = "<group>"; };
		24F962C91CEAFF15007973CA /* rightArrow.png */ = {isa = PBXFileReference; lastKnownFileType = image.png; path = rightArrow.png; sourceTree = "<group>"; };
		24F962CB1CEB0605007973CA /* WJCharacteristicCell.h */ = {isa = PBXFileReference; fileEncoding = 4; lastKnownFileType = sourcecode.c.h; path = WJCharacteristicCell.h; sourceTree = "<group>"; };
		24F962CC1CEB0605007973CA /* WJCharacteristicCell.m */ = {isa = PBXFileReference; fileEncoding = 4; lastKnownFileType = sourcecode.c.objc; path = WJCharacteristicCell.m; sourceTree = "<group>"; };
		51CD05A38C923D2E889C4936 /* libPods.a */ = {isa = PBXFileReference; explicitFileType = archive.ar; includeInIndex = 0; path = libPods.a; sourceTree = BUILT_PRODUCTS_DIR; };
		535894BE21A504480047A306 /* WJBlueListsWatch.app */ = {isa = PBXFileReference; explicitFileType = wrapper.application; includeInIndex = 0; path = WJBlueListsWatch.app; sourceTree = BUILT_PRODUCTS_DIR; };
		535894C121A504480047A306 /* Base */ = {isa = PBXFileReference; lastKnownFileType = file.storyboard; name = Base; path = Base.lproj/Interface.storyboard; sourceTree = "<group>"; };
		535894C321A504490047A306 /* Assets.xcassets */ = {isa = PBXFileReference; lastKnownFileType = folder.assetcatalog; path = Assets.xcassets; sourceTree = "<group>"; };
		535894C521A504490047A306 /* Info.plist */ = {isa = PBXFileReference; lastKnownFileType = text.plist.xml; path = Info.plist; sourceTree = "<group>"; };
		535894CA21A504490047A306 /* WJBlueListsWatch Extension.appex */ = {isa = PBXFileReference; explicitFileType = "wrapper.app-extension"; includeInIndex = 0; path = "WJBlueListsWatch Extension.appex"; sourceTree = BUILT_PRODUCTS_DIR; };
		535894E821A504660047A306 /* PushNotificationPayload.apns */ = {isa = PBXFileReference; fileEncoding = 4; lastKnownFileType = text; path = PushNotificationPayload.apns; sourceTree = "<group>"; };
		535894E921A504660047A306 /* ExtensionDelegate.m */ = {isa = PBXFileReference; fileEncoding = 4; lastKnownFileType = sourcecode.c.objc; path = ExtensionDelegate.m; sourceTree = "<group>"; };
		535894EA21A504660047A306 /* NotificationController.m */ = {isa = PBXFileReference; fileEncoding = 4; lastKnownFileType = sourcecode.c.objc; path = NotificationController.m; sourceTree = "<group>"; };
		535894EB21A504660047A306 /* InterfaceController.m */ = {isa = PBXFileReference; fileEncoding = 4; lastKnownFileType = sourcecode.c.objc; path = InterfaceController.m; sourceTree = "<group>"; };
		535894EC21A504660047A306 /* Assets.xcassets */ = {isa = PBXFileReference; lastKnownFileType = folder.assetcatalog; path = Assets.xcassets; sourceTree = "<group>"; };
		535894ED21A504660047A306 /* ExtensionDelegate.h */ = {isa = PBXFileReference; fileEncoding = 4; lastKnownFileType = sourcecode.c.h; path = ExtensionDelegate.h; sourceTree = "<group>"; };
		535894EE21A504660047A306 /* NotificationController.h */ = {isa = PBXFileReference; fileEncoding = 4; lastKnownFileType = sourcecode.c.h; path = NotificationController.h; sourceTree = "<group>"; };
		535894EF21A504660047A306 /* InterfaceController.h */ = {isa = PBXFileReference; fileEncoding = 4; lastKnownFileType = sourcecode.c.h; path = InterfaceController.h; sourceTree = "<group>"; };
		535894F021A504660047A306 /* Info.plist */ = {isa = PBXFileReference; fileEncoding = 4; lastKnownFileType = text.plist.xml; path = Info.plist; sourceTree = "<group>"; };
		539514001DE6930A0059F87A /* WJBlueListWidget.appex */ = {isa = PBXFileReference; explicitFileType = "wrapper.app-extension"; includeInIndex = 0; path = WJBlueListWidget.appex; sourceTree = BUILT_PRODUCTS_DIR; };
		539514011DE6930A0059F87A /* NotificationCenter.framework */ = {isa = PBXFileReference; lastKnownFileType = wrapper.framework; name = NotificationCenter.framework; path = System/Library/Frameworks/NotificationCenter.framework; sourceTree = SDKROOT; };
		539514041DE6930A0059F87A /* TodayViewController.h */ = {isa = PBXFileReference; lastKnownFileType = sourcecode.c.h; path = TodayViewController.h; sourceTree = "<group>"; };
		539514051DE6930A0059F87A /* TodayViewController.m */ = {isa = PBXFileReference; lastKnownFileType = sourcecode.c.objc; path = TodayViewController.m; sourceTree = "<group>"; };
		5395140A1DE6930A0059F87A /* Info.plist */ = {isa = PBXFileReference; lastKnownFileType = text.plist.xml; path = Info.plist; sourceTree = "<group>"; };
		539514121DE694940059F87A /* longdaishequ_W@2x.png */ = {isa = PBXFileReference; lastKnownFileType = image.png; path = "longdaishequ_W@2x.png"; sourceTree = "<group>"; };
		539514131DE694940059F87A /* longdaishequ_W@3x.png */ = {isa = PBXFileReference; lastKnownFileType = image.png; path = "longdaishequ_W@3x.png"; sourceTree = "<group>"; };
		68B46E26F69C18F8B79F6080 /* Pods.release.xcconfig */ = {isa = PBXFileReference; includeInIndex = 1; lastKnownFileType = text.xcconfig; name = Pods.release.xcconfig; path = "Pods/Target Support Files/Pods/Pods.release.xcconfig"; sourceTree = "<group>"; };
		B7C49C649E9AB5B25F3E8F18 /* Pods.debug.xcconfig */ = {isa = PBXFileReference; includeInIndex = 1; lastKnownFileType = text.xcconfig; name = Pods.debug.xcconfig; path = "Pods/Target Support Files/Pods/Pods.debug.xcconfig"; sourceTree = "<group>"; };
/* End PBXFileReference section */

/* Begin PBXFrameworksBuildPhase section */
		24CD140B1CD9A2C200E19F1B /* Frameworks */ = {
			isa = PBXFrameworksBuildPhase;
			buildActionMask = 2147483647;
			files = (
				24DB8FB41CEC516400700644 /* GoogleMobileAds.framework in Frameworks */,
				D1B3546C1E34E30EF73EE360 /* libPods.a in Frameworks */,
			);
			runOnlyForDeploymentPostprocessing = 0;
		};
		535894C721A504490047A306 /* Frameworks */ = {
			isa = PBXFrameworksBuildPhase;
			buildActionMask = 2147483647;
			files = (
			);
			runOnlyForDeploymentPostprocessing = 0;
		};
		539513FD1DE6930A0059F87A /* Frameworks */ = {
			isa = PBXFrameworksBuildPhase;
			buildActionMask = 2147483647;
			files = (
				539514021DE6930A0059F87A /* NotificationCenter.framework in Frameworks */,
			);
			runOnlyForDeploymentPostprocessing = 0;
		};
/* End PBXFrameworksBuildPhase section */

/* Begin PBXGroup section */
		2406C5181CE02E4500AF6102 /* viewController */ = {
			isa = PBXGroup;
			children = (
				2406C5191CE02F9B00AF6102 /* WJPeripheralVC.h */,
				2406C51A1CE02F9B00AF6102 /* WJPeripheralVC.m */,
				2406C51F1CE033A100AF6102 /* WJPeripheralCell.h */,
				2406C5201CE033A100AF6102 /* WJPeripheralCell.m */,
				24EA438B1CE1BAD000DC1C57 /* WJServerVC.h */,
				24EA438C1CE1BAD000DC1C57 /* WJServerVC.m */,
				24B9F3A61CE46A6A0032EAA4 /* WJServerCell.h */,
				24B9F3A71CE46A6A0032EAA4 /* WJServerCell.m */,
				24243BE01CE5CEF60005BA55 /* WJCharacteristicVC.h */,
				24243BE11CE5CEF60005BA55 /* WJCharacteristicVC.m */,
				24F962CB1CEB0605007973CA /* WJCharacteristicCell.h */,
				24F962CC1CEB0605007973CA /* WJCharacteristicCell.m */,
			);
			path = viewController;
			sourceTree = "<group>";
		};
		24B9F3A21CE465DD0032EAA4 /* Utility */ = {
			isa = PBXGroup;
			children = (
				24B9F3A31CE466410032EAA4 /* UIColor+WJColor.h */,
				24B9F3A41CE466410032EAA4 /* UIColor+WJColor.m */,
			);
			path = Utility;
			sourceTree = "<group>";
		};
		24CD14051CD9A2C200E19F1B = {
			isa = PBXGroup;
			children = (
				535894E721A504660047A306 /* WJBlueListsWatch Extension */,
				24CD14101CD9A2C200E19F1B /* WJBlueLists */,
				539514031DE6930A0059F87A /* WJBlueListWidget */,
				535894BF21A504480047A306 /* WJBlueListsWatch */,
				24CD140F1CD9A2C200E19F1B /* Products */,
				AE5C6384AECBF650D359879A /* Pods */,
				A5F35C8B72FD6EBCF66CB0BD /* Frameworks */,
				24F962C61CEAF46A007973CA /* Resource */,
			);
			sourceTree = "<group>";
		};
		24CD140F1CD9A2C200E19F1B /* Products */ = {
			isa = PBXGroup;
			children = (
				24CD140E1CD9A2C200E19F1B /* WJBlueLists.app */,
				539514001DE6930A0059F87A /* WJBlueListWidget.appex */,
				535894BE21A504480047A306 /* WJBlueListsWatch.app */,
				535894CA21A504490047A306 /* WJBlueListsWatch Extension.appex */,
			);
			name = Products;
			sourceTree = "<group>";
		};
		24CD14101CD9A2C200E19F1B /* WJBlueLists */ = {
			isa = PBXGroup;
			children = (
				24B9F3A21CE465DD0032EAA4 /* Utility */,
				2406C5181CE02E4500AF6102 /* viewController */,
				24CD144C1CD9AF1200E19F1B /* WJBaseControlV */,
				24CD14441CD9A2FE00E19F1B /* blueTooth */,
				24CD14141CD9A2C200E19F1B /* AppDelegate.h */,
				24CD14151CD9A2C200E19F1B /* AppDelegate.m */,
				24CD14171CD9A2C200E19F1B /* ViewController.h */,
				24CD14181CD9A2C200E19F1B /* ViewController.m */,
				24CD141A1CD9A2C200E19F1B /* Main.storyboard */,
				24CD141D1CD9A2C200E19F1B /* Assets.xcassets */,
				24CD141F1CD9A2C200E19F1B /* LaunchScreen.storyboard */,
				24CD14221CD9A2C200E19F1B /* Info.plist */,
				24CD14111CD9A2C200E19F1B /* Supporting Files */,
			);
			path = WJBlueLists;
			sourceTree = "<group>";
		};
		24CD14111CD9A2C200E19F1B /* Supporting Files */ = {
			isa = PBXGroup;
			children = (
				24CD14121CD9A2C200E19F1B /* main.m */,
				24CD144B1CD9A3A600E19F1B /* blue_per.pch */,
			);
			name = "Supporting Files";
			sourceTree = "<group>";
		};
		24CD14441CD9A2FE00E19F1B /* blueTooth */ = {
			isa = PBXGroup;
			children = (
				24CD14451CD9A31B00E19F1B /* BluetoothPeripheral.h */,
				24CD14461CD9A31B00E19F1B /* BluetoothPeripheral.m */,
				24CD14471CD9A31B00E19F1B /* OBDBluetooth.h */,
				24CD14481CD9A31B00E19F1B /* OBDBluetooth.m */,
			);
			path = blueTooth;
			sourceTree = "<group>";
		};
		24CD144C1CD9AF1200E19F1B /* WJBaseControlV */ = {
			isa = PBXGroup;
			children = (
				24CD144D1CD9B2C500E19F1B /* WJBaseCV.h */,
				24CD144E1CD9B2C500E19F1B /* WJBaseCV.m */,
				2406C51C1CE031D100AF6102 /* WJBaseCell.h */,
				2406C51D1CE031D100AF6102 /* WJBaseCell.m */,
			);
			path = WJBaseControlV;
			sourceTree = "<group>";
		};
		24F962C61CEAF46A007973CA /* Resource */ = {
			isa = PBXGroup;
			children = (
				24F962C91CEAFF15007973CA /* rightArrow.png */,
				24F962C71CEAF4B2007973CA /* back.png */,
			);
			path = Resource;
			sourceTree = "<group>";
		};
		535894BF21A504480047A306 /* WJBlueListsWatch */ = {
			isa = PBXGroup;
			children = (
				535894C021A504480047A306 /* Interface.storyboard */,
				535894C321A504490047A306 /* Assets.xcassets */,
				535894C521A504490047A306 /* Info.plist */,
			);
			path = WJBlueListsWatch;
			sourceTree = "<group>";
		};
		535894E721A504660047A306 /* WJBlueListsWatch Extension */ = {
			isa = PBXGroup;
			children = (
				535894E821A504660047A306 /* PushNotificationPayload.apns */,
				535894E921A504660047A306 /* ExtensionDelegate.m */,
				535894EA21A504660047A306 /* NotificationController.m */,
				535894EB21A504660047A306 /* InterfaceController.m */,
				535894EC21A504660047A306 /* Assets.xcassets */,
				535894ED21A504660047A306 /* ExtensionDelegate.h */,
				535894EE21A504660047A306 /* NotificationController.h */,
				535894EF21A504660047A306 /* InterfaceController.h */,
				535894F021A504660047A306 /* Info.plist */,
			);
			path = "WJBlueListsWatch Extension";
			sourceTree = "<group>";
		};
		539514031DE6930A0059F87A /* WJBlueListWidget */ = {
			isa = PBXGroup;
			children = (
				539514121DE694940059F87A /* longdaishequ_W@2x.png */,
				539514131DE694940059F87A /* longdaishequ_W@3x.png */,
				539514041DE6930A0059F87A /* TodayViewController.h */,
				539514051DE6930A0059F87A /* TodayViewController.m */,
				5395140A1DE6930A0059F87A /* Info.plist */,
			);
			path = WJBlueListWidget;
			sourceTree = "<group>";
		};
		A5F35C8B72FD6EBCF66CB0BD /* Frameworks */ = {
			isa = PBXGroup;
			children = (
				24DB8FB31CEC516400700644 /* GoogleMobileAds.framework */,
				51CD05A38C923D2E889C4936 /* libPods.a */,
				539514011DE6930A0059F87A /* NotificationCenter.framework */,
			);
			name = Frameworks;
			sourceTree = "<group>";
		};
		AE5C6384AECBF650D359879A /* Pods */ = {
			isa = PBXGroup;
			children = (
				B7C49C649E9AB5B25F3E8F18 /* Pods.debug.xcconfig */,
				68B46E26F69C18F8B79F6080 /* Pods.release.xcconfig */,
			);
			name = Pods;
			sourceTree = "<group>";
		};
/* End PBXGroup section */

/* Begin PBXNativeTarget section */
		24CD140D1CD9A2C200E19F1B /* WJBlueLists */ = {
			isa = PBXNativeTarget;
			buildConfigurationList = 24CD143B1CD9A2C200E19F1B /* Build configuration list for PBXNativeTarget "WJBlueLists" */;
			buildPhases = (
				61B18A76634B2A88CF93660F /* Check Pods Manifest.lock */,
				24CD140A1CD9A2C200E19F1B /* Sources */,
				24CD140B1CD9A2C200E19F1B /* Frameworks */,
				24CD140C1CD9A2C200E19F1B /* Resources */,
				56724DAC930423AEEB3782D5 /* Embed Pods Frameworks */,
				0D24E44EFF421C9F117E0058 /* Copy Pods Resources */,
				539514111DE6930A0059F87A /* Embed App Extensions */,
				535894E621A5044A0047A306 /* Embed Watch Content */,
			);
			buildRules = (
			);
			dependencies = (
				5395140C1DE6930A0059F87A /* PBXTargetDependency */,
				535894DD21A5044A0047A306 /* PBXTargetDependency */,
			);
			name = WJBlueLists;
			productName = WJBlueLists;
			productReference = 24CD140E1CD9A2C200E19F1B /* WJBlueLists.app */;
			productType = "com.apple.product-type.application";
		};
		535894BD21A504480047A306 /* WJBlueListsWatch */ = {
			isa = PBXNativeTarget;
			buildConfigurationList = 535894E521A5044A0047A306 /* Build configuration list for PBXNativeTarget "WJBlueListsWatch" */;
			buildPhases = (
				535894BC21A504480047A306 /* Resources */,
				535894E421A5044A0047A306 /* Embed App Extensions */,
			);
			buildRules = (
			);
			dependencies = (
				535894CD21A504490047A306 /* PBXTargetDependency */,
			);
			name = WJBlueListsWatch;
			productName = WJBlueListsWatch;
			productReference = 535894BE21A504480047A306 /* WJBlueListsWatch.app */;
			productType = "com.apple.product-type.application.watchapp2";
		};
		535894C921A504490047A306 /* WJBlueListsWatch Extension */ = {
			isa = PBXNativeTarget;
			buildConfigurationList = 535894E321A5044A0047A306 /* Build configuration list for PBXNativeTarget "WJBlueListsWatch Extension" */;
			buildPhases = (
				535894C621A504490047A306 /* Sources */,
				535894C721A504490047A306 /* Frameworks */,
				535894C821A504490047A306 /* Resources */,
			);
			buildRules = (
			);
			dependencies = (
			);
			name = "WJBlueListsWatch Extension";
			productName = "WJBlueListsWatch Extension";
			productReference = 535894CA21A504490047A306 /* WJBlueListsWatch Extension.appex */;
			productType = "com.apple.product-type.watchkit2-extension";
		};
		539513FF1DE6930A0059F87A /* WJBlueListWidget */ = {
			isa = PBXNativeTarget;
			buildConfigurationList = 539514101DE6930A0059F87A /* Build configuration list for PBXNativeTarget "WJBlueListWidget" */;
			buildPhases = (
				539513FC1DE6930A0059F87A /* Sources */,
				539513FD1DE6930A0059F87A /* Frameworks */,
				539513FE1DE6930A0059F87A /* Resources */,
			);
			buildRules = (
			);
			dependencies = (
			);
			name = WJBlueListWidget;
			productName = WJBlueListWidget;
			productReference = 539514001DE6930A0059F87A /* WJBlueListWidget.appex */;
			productType = "com.apple.product-type.app-extension";
		};
/* End PBXNativeTarget section */

/* Begin PBXProject section */
		24CD14061CD9A2C200E19F1B /* Project object */ = {
			isa = PBXProject;
			attributes = {
				LastUpgradeCheck = 0720;
				ORGANIZATIONNAME = wenjuan;
				TargetAttributes = {
					24CD140D1CD9A2C200E19F1B = {
						CreatedOnToolsVersion = 7.2;
						DevelopmentTeam = 6JC78V6G2N;
						ProvisioningStyle = Automatic;
					};
					535894BD21A504480047A306 = {
						CreatedOnToolsVersion = 10.1;
						DevelopmentTeam = 6JC78V6G2N;
						ProvisioningStyle = Automatic;
					};
					535894C921A504490047A306 = {
						CreatedOnToolsVersion = 10.1;
						DevelopmentTeam = 6JC78V6G2N;
						ProvisioningStyle = Automatic;
					};
					539513FF1DE6930A0059F87A = {
						CreatedOnToolsVersion = 8.1;
						DevelopmentTeam = 6JC78V6G2N;
						ProvisioningStyle = Automatic;
					};
				};
			};
			buildConfigurationList = 24CD14091CD9A2C200E19F1B /* Build configuration list for PBXProject "WJBlueLists" */;
			compatibilityVersion = "Xcode 3.2";
			developmentRegion = English;
			hasScannedForEncodings = 0;
			knownRegions = (
				en,
				Base,
			);
			mainGroup = 24CD14051CD9A2C200E19F1B;
			productRefGroup = 24CD140F1CD9A2C200E19F1B /* Products */;
			projectDirPath = "";
			projectRoot = "";
			targets = (
				24CD140D1CD9A2C200E19F1B /* WJBlueLists */,
				539513FF1DE6930A0059F87A /* WJBlueListWidget */,
				535894BD21A504480047A306 /* WJBlueListsWatch */,
				535894C921A504490047A306 /* WJBlueListsWatch Extension */,
			);
		};
/* End PBXProject section */

/* Begin PBXResourcesBuildPhase section */
		24CD140C1CD9A2C200E19F1B /* Resources */ = {
			isa = PBXResourcesBuildPhase;
			buildActionMask = 2147483647;
			files = (
				539514161DE694940059F87A /* longdaishequ_W@3x.png in Resources */,
				539514141DE694940059F87A /* longdaishequ_W@2x.png in Resources */,
				24CD14211CD9A2C200E19F1B /* LaunchScreen.storyboard in Resources */,
				24CD141E1CD9A2C200E19F1B /* Assets.xcassets in Resources */,
				24F962CA1CEAFF15007973CA /* rightArrow.png in Resources */,
				535894F121A504660047A306 /* PushNotificationPayload.apns in Resources */,
				24F962C81CEAF4B2007973CA /* back.png in Resources */,
				535894F521A504660047A306 /* Assets.xcassets in Resources */,
				535894F621A504660047A306 /* Info.plist in Resources */,
				24CD141C1CD9A2C200E19F1B /* Main.storyboard in Resources */,
			);
			runOnlyForDeploymentPostprocessing = 0;
		};
		535894BC21A504480047A306 /* Resources */ = {
			isa = PBXResourcesBuildPhase;
			buildActionMask = 2147483647;
			files = (
				535894C421A504490047A306 /* Assets.xcassets in Resources */,
				535894C221A504480047A306 /* Interface.storyboard in Resources */,
			);
			runOnlyForDeploymentPostprocessing = 0;
		};
		535894C821A504490047A306 /* Resources */ = {
			isa = PBXResourcesBuildPhase;
			buildActionMask = 2147483647;
			files = (
			);
			runOnlyForDeploymentPostprocessing = 0;
		};
		539513FE1DE6930A0059F87A /* Resources */ = {
			isa = PBXResourcesBuildPhase;
			buildActionMask = 2147483647;
			files = (
				539514151DE694940059F87A /* longdaishequ_W@2x.png in Resources */,
				539514171DE694940059F87A /* longdaishequ_W@3x.png in Resources */,
			);
			runOnlyForDeploymentPostprocessing = 0;
		};
/* End PBXResourcesBuildPhase section */

/* Begin PBXShellScriptBuildPhase section */
		0D24E44EFF421C9F117E0058 /* Copy Pods Resources */ = {
			isa = PBXShellScriptBuildPhase;
			buildActionMask = 2147483647;
			files = (
			);
			inputPaths = (
			);
			name = "Copy Pods Resources";
			outputPaths = (
			);
			runOnlyForDeploymentPostprocessing = 0;
			shellPath = /bin/sh;
			shellScript = "\"${SRCROOT}/Pods/Target Support Files/Pods/Pods-resources.sh\"\n";
			showEnvVarsInLog = 0;
		};
		56724DAC930423AEEB3782D5 /* Embed Pods Frameworks */ = {
			isa = PBXShellScriptBuildPhase;
			buildActionMask = 2147483647;
			files = (
			);
			inputPaths = (
			);
			name = "Embed Pods Frameworks";
			outputPaths = (
			);
			runOnlyForDeploymentPostprocessing = 0;
			shellPath = /bin/sh;
			shellScript = "\"${SRCROOT}/Pods/Target Support Files/Pods/Pods-frameworks.sh\"\n";
			showEnvVarsInLog = 0;
		};
		61B18A76634B2A88CF93660F /* Check Pods Manifest.lock */ = {
			isa = PBXShellScriptBuildPhase;
			buildActionMask = 2147483647;
			files = (
			);
			inputPaths = (
			);
			name = "Check Pods Manifest.lock";
			outputPaths = (
			);
			runOnlyForDeploymentPostprocessing = 0;
			shellPath = /bin/sh;
			shellScript = "diff \"${PODS_ROOT}/../Podfile.lock\" \"${PODS_ROOT}/Manifest.lock\" > /dev/null\nif [[ $? != 0 ]] ; then\n    cat << EOM\nerror: The sandbox is not in sync with the Podfile.lock. Run 'pod install' or update your CocoaPods installation.\nEOM\n    exit 1\nfi\n";
			showEnvVarsInLog = 0;
		};
/* End PBXShellScriptBuildPhase section */

/* Begin PBXSourcesBuildPhase section */
		24CD140A1CD9A2C200E19F1B /* Sources */ = {
			isa = PBXSourcesBuildPhase;
			buildActionMask = 2147483647;
			files = (
				24CD144F1CD9B2C500E19F1B /* WJBaseCV.m in Sources */,
				2406C5211CE033A100AF6102 /* WJPeripheralCell.m in Sources */,
				24CD144A1CD9A31B00E19F1B /* OBDBluetooth.m in Sources */,
				24F962CD1CEB0605007973CA /* WJCharacteristicCell.m in Sources */,
				24B9F3A51CE466410032EAA4 /* UIColor+WJColor.m in Sources */,
				2406C51B1CE02F9B00AF6102 /* WJPeripheralVC.m in Sources */,
				535894F221A504660047A306 /* ExtensionDelegate.m in Sources */,
				24B9F3A81CE46A6A0032EAA4 /* WJServerCell.m in Sources */,
				24EA438D1CE1BAD000DC1C57 /* WJServerVC.m in Sources */,
				2406C51E1CE031D100AF6102 /* WJBaseCell.m in Sources */,
				535894F421A504660047A306 /* InterfaceController.m in Sources */,
				24CD14191CD9A2C200E19F1B /* ViewController.m in Sources */,
				24CD14161CD9A2C200E19F1B /* AppDelegate.m in Sources */,
				24243BE21CE5CEF60005BA55 /* WJCharacteristicVC.m in Sources */,
				24CD14491CD9A31B00E19F1B /* BluetoothPeripheral.m in Sources */,
				535894F321A504660047A306 /* NotificationController.m in Sources */,
				24CD14131CD9A2C200E19F1B /* main.m in Sources */,
			);
			runOnlyForDeploymentPostprocessing = 0;
		};
		535894C621A504490047A306 /* Sources */ = {
			isa = PBXSourcesBuildPhase;
			buildActionMask = 2147483647;
			files = (
			);
			runOnlyForDeploymentPostprocessing = 0;
		};
		539513FC1DE6930A0059F87A /* Sources */ = {
			isa = PBXSourcesBuildPhase;
			buildActionMask = 2147483647;
			files = (
				539514061DE6930A0059F87A /* TodayViewController.m in Sources */,
			);
			runOnlyForDeploymentPostprocessing = 0;
		};
/* End PBXSourcesBuildPhase section */

/* Begin PBXTargetDependency section */
		535894CD21A504490047A306 /* PBXTargetDependency */ = {
			isa = PBXTargetDependency;
			target = 535894C921A504490047A306 /* WJBlueListsWatch Extension */;
			targetProxy = 535894CC21A504490047A306 /* PBXContainerItemProxy */;
		};
		535894DD21A5044A0047A306 /* PBXTargetDependency */ = {
			isa = PBXTargetDependency;
			target = 535894BD21A504480047A306 /* WJBlueListsWatch */;
			targetProxy = 535894DC21A5044A0047A306 /* PBXContainerItemProxy */;
		};
		5395140C1DE6930A0059F87A /* PBXTargetDependency */ = {
			isa = PBXTargetDependency;
			target = 539513FF1DE6930A0059F87A /* WJBlueListWidget */;
			targetProxy = 5395140B1DE6930A0059F87A /* PBXContainerItemProxy */;
		};
/* End PBXTargetDependency section */

/* Begin PBXVariantGroup section */
		24CD141A1CD9A2C200E19F1B /* Main.storyboard */ = {
			isa = PBXVariantGroup;
			children = (
				24CD141B1CD9A2C200E19F1B /* Base */,
			);
			name = Main.storyboard;
			sourceTree = "<group>";
		};
		24CD141F1CD9A2C200E19F1B /* LaunchScreen.storyboard */ = {
			isa = PBXVariantGroup;
			children = (
				24CD14201CD9A2C200E19F1B /* Base */,
			);
			name = LaunchScreen.storyboard;
			sourceTree = "<group>";
		};
		535894C021A504480047A306 /* Interface.storyboard */ = {
			isa = PBXVariantGroup;
			children = (
				535894C121A504480047A306 /* Base */,
			);
			name = Interface.storyboard;
			sourceTree = "<group>";
		};
/* End PBXVariantGroup section */

/* Begin XCBuildConfiguration section */
		24CD14391CD9A2C200E19F1B /* Debug */ = {
			isa = XCBuildConfiguration;
			buildSettings = {
				ALWAYS_SEARCH_USER_PATHS = NO;
				CLANG_CXX_LANGUAGE_STANDARD = "gnu++0x";
				CLANG_CXX_LIBRARY = "libc++";
				CLANG_ENABLE_MODULES = YES;
				CLANG_ENABLE_OBJC_ARC = YES;
				CLANG_WARN_BOOL_CONVERSION = YES;
				CLANG_WARN_CONSTANT_CONVERSION = YES;
				CLANG_WARN_DIRECT_OBJC_ISA_USAGE = YES_ERROR;
				CLANG_WARN_EMPTY_BODY = YES;
				CLANG_WARN_ENUM_CONVERSION = YES;
				CLANG_WARN_INT_CONVERSION = YES;
				CLANG_WARN_OBJC_ROOT_CLASS = YES_ERROR;
				CLANG_WARN_UNREACHABLE_CODE = YES;
				CLANG_WARN__DUPLICATE_METHOD_MATCH = YES;
				CODE_SIGN_IDENTITY = "iPhone Distribution: Zhou Xu (6JC78V6G2N)";
				"CODE_SIGN_IDENTITY[sdk=iphoneos*]" = "iPhone Distribution: Zhou Xu (6JC78V6G2N)";
				COPY_PHASE_STRIP = NO;
				DEBUG_INFORMATION_FORMAT = dwarf;
				ENABLE_STRICT_OBJC_MSGSEND = YES;
				ENABLE_TESTABILITY = YES;
				GCC_C_LANGUAGE_STANDARD = gnu99;
				GCC_DYNAMIC_NO_PIC = NO;
				GCC_NO_COMMON_BLOCKS = YES;
				GCC_OPTIMIZATION_LEVEL = 0;
				GCC_PREPROCESSOR_DEFINITIONS = (
					"DEBUG=1",
					"$(inherited)",
				);
				GCC_WARN_64_TO_32_BIT_CONVERSION = YES;
				GCC_WARN_ABOUT_RETURN_TYPE = YES_ERROR;
				GCC_WARN_UNDECLARED_SELECTOR = YES;
				GCC_WARN_UNINITIALIZED_AUTOS = YES_AGGRESSIVE;
				GCC_WARN_UNUSED_FUNCTION = YES;
				GCC_WARN_UNUSED_VARIABLE = YES;
				IPHONEOS_DEPLOYMENT_TARGET = 9.2;
				MTL_ENABLE_DEBUG_INFO = YES;
				ONLY_ACTIVE_ARCH = YES;
				PROVISIONING_PROFILE = "13803bfd-bec6-4048-ae12-13e8c07f3fc4";
				SDKROOT = iphoneos;
				TARGETED_DEVICE_FAMILY = "1,2";
			};
			name = Debug;
		};
		24CD143A1CD9A2C200E19F1B /* Release */ = {
			isa = XCBuildConfiguration;
			buildSettings = {
				ALWAYS_SEARCH_USER_PATHS = NO;
				CLANG_CXX_LANGUAGE_STANDARD = "gnu++0x";
				CLANG_CXX_LIBRARY = "libc++";
				CLANG_ENABLE_MODULES = YES;
				CLANG_ENABLE_OBJC_ARC = YES;
				CLANG_WARN_BOOL_CONVERSION = YES;
				CLANG_WARN_CONSTANT_CONVERSION = YES;
				CLANG_WARN_DIRECT_OBJC_ISA_USAGE = YES_ERROR;
				CLANG_WARN_EMPTY_BODY = YES;
				CLANG_WARN_ENUM_CONVERSION = YES;
				CLANG_WARN_INT_CONVERSION = YES;
				CLANG_WARN_OBJC_ROOT_CLASS = YES_ERROR;
				CLANG_WARN_UNREACHABLE_CODE = YES;
				CLANG_WARN__DUPLICATE_METHOD_MATCH = YES;
				CODE_SIGN_IDENTITY = "iPhone Distribution: Zhou Xu (6JC78V6G2N)";
				"CODE_SIGN_IDENTITY[sdk=iphoneos*]" = "iPhone Distribution: Zhou Xu (6JC78V6G2N)";
				COPY_PHASE_STRIP = NO;
				DEBUG_INFORMATION_FORMAT = "dwarf-with-dsym";
				ENABLE_NS_ASSERTIONS = NO;
				ENABLE_STRICT_OBJC_MSGSEND = YES;
				GCC_C_LANGUAGE_STANDARD = gnu99;
				GCC_NO_COMMON_BLOCKS = YES;
				GCC_WARN_64_TO_32_BIT_CONVERSION = YES;
				GCC_WARN_ABOUT_RETURN_TYPE = YES_ERROR;
				GCC_WARN_UNDECLARED_SELECTOR = YES;
				GCC_WARN_UNINITIALIZED_AUTOS = YES_AGGRESSIVE;
				GCC_WARN_UNUSED_FUNCTION = YES;
				GCC_WARN_UNUSED_VARIABLE = YES;
				IPHONEOS_DEPLOYMENT_TARGET = 9.2;
				MTL_ENABLE_DEBUG_INFO = NO;
				PROVISIONING_PROFILE = "13803bfd-bec6-4048-ae12-13e8c07f3fc4";
				SDKROOT = iphoneos;
				TARGETED_DEVICE_FAMILY = "1,2";
				VALIDATE_PRODUCT = YES;
			};
			name = Release;
		};
		24CD143C1CD9A2C200E19F1B /* Debug */ = {
			isa = XCBuildConfiguration;
			baseConfigurationReference = B7C49C649E9AB5B25F3E8F18 /* Pods.debug.xcconfig */;
			buildSettings = {
				ASSETCATALOG_COMPILER_APPICON_NAME = AppIcon;
				ASSETCATALOG_COMPILER_LAUNCHIMAGE_NAME = LaunchImage;
				CODE_SIGN_IDENTITY = "iPhone Distribution: Zhou Xu (6JC78V6G2N)";
				"CODE_SIGN_IDENTITY[sdk=iphoneos*]" = "iPhone Developer";
				DEVELOPMENT_TEAM = 6JC78V6G2N;
				FRAMEWORK_SEARCH_PATHS = (
					"$(inherited)",
					"$(PROJECT_DIR)",
				);
				GCC_PREFIX_HEADER = "$(SRCROOT)/WJBlueLists/blue_per.pch";
				INFOPLIST_FILE = WJBlueLists/Info.plist;
				IPHONEOS_DEPLOYMENT_TARGET = 8.0;
				LD_RUNPATH_SEARCH_PATHS = "$(inherited) @executable_path/Frameworks";
				PRODUCT_BUNDLE_IDENTIFIER = chewen.WJBlueLists;
				PRODUCT_NAME = "$(TARGET_NAME)";
				PROVISIONING_PROFILE = "";
				TARGETED_DEVICE_FAMILY = 1;
			};
			name = Debug;
		};
		24CD143D1CD9A2C200E19F1B /* Release */ = {
			isa = XCBuildConfiguration;
			baseConfigurationReference = 68B46E26F69C18F8B79F6080 /* Pods.release.xcconfig */;
			buildSettings = {
				ASSETCATALOG_COMPILER_APPICON_NAME = AppIcon;
				ASSETCATALOG_COMPILER_LAUNCHIMAGE_NAME = LaunchImage;
				CODE_SIGN_IDENTITY = "iPhone Distribution: Zhou Xu (6JC78V6G2N)";
				"CODE_SIGN_IDENTITY[sdk=iphoneos*]" = "iPhone Developer";
				DEVELOPMENT_TEAM = 6JC78V6G2N;
				FRAMEWORK_SEARCH_PATHS = (
					"$(inherited)",
					"$(PROJECT_DIR)",
				);
				GCC_PREFIX_HEADER = "$(SRCROOT)/WJBlueLists/blue_per.pch";
				INFOPLIST_FILE = WJBlueLists/Info.plist;
				IPHONEOS_DEPLOYMENT_TARGET = 8.0;
				LD_RUNPATH_SEARCH_PATHS = "$(inherited) @executable_path/Frameworks";
				PRODUCT_BUNDLE_IDENTIFIER = chewen.WJBlueLists;
				PRODUCT_NAME = "$(TARGET_NAME)";
				PROVISIONING_PROFILE = "";
				TARGETED_DEVICE_FAMILY = 1;
			};
			name = Release;
		};
		535894DF21A5044A0047A306 /* Debug */ = {
			isa = XCBuildConfiguration;
			buildSettings = {
				ASSETCATALOG_COMPILER_APPICON_NAME = AppIcon;
				CLANG_ANALYZER_NONNULL = YES;
				CLANG_ANALYZER_NUMBER_OBJECT_CONVERSION = YES_AGGRESSIVE;
				CLANG_CXX_LANGUAGE_STANDARD = "gnu++14";
				CLANG_ENABLE_OBJC_WEAK = YES;
				CLANG_WARN_BLOCK_CAPTURE_AUTORELEASING = YES;
				CLANG_WARN_COMMA = YES;
				CLANG_WARN_DEPRECATED_OBJC_IMPLEMENTATIONS = YES;
				CLANG_WARN_DOCUMENTATION_COMMENTS = YES;
				CLANG_WARN_INFINITE_RECURSION = YES;
				CLANG_WARN_NON_LITERAL_NULL_CONVERSION = YES;
				CLANG_WARN_OBJC_IMPLICIT_RETAIN_SELF = YES;
				CLANG_WARN_OBJC_LITERAL_CONVERSION = YES;
				CLANG_WARN_RANGE_LOOP_ANALYSIS = YES;
				CLANG_WARN_STRICT_PROTOTYPES = YES;
				CLANG_WARN_SUSPICIOUS_MOVE = YES;
				CLANG_WARN_UNGUARDED_AVAILABILITY = YES_AGGRESSIVE;
				CODE_SIGN_IDENTITY = "iPhone Distribution: Zhou Xu (6JC78V6G2N)";
				"CODE_SIGN_IDENTITY[sdk=iphoneos*]" = "iPhone Developer";
				CODE_SIGN_STYLE = Automatic;
				DEVELOPMENT_TEAM = 6JC78V6G2N;
				GCC_C_LANGUAGE_STANDARD = gnu11;
				IBSC_MODULE = WJBlueListsWatch_Extension;
				INFOPLIST_FILE = WJBlueListsWatch/Info.plist;
				MTL_ENABLE_DEBUG_INFO = INCLUDE_SOURCE;
				MTL_FAST_MATH = YES;
				PRODUCT_BUNDLE_IDENTIFIER = chewen.WJBlueLists.watchkitapp;
				PRODUCT_NAME = "$(TARGET_NAME)";
				SDKROOT = watchos;
				SKIP_INSTALL = YES;
				TARGETED_DEVICE_FAMILY = 4;
				WATCHOS_DEPLOYMENT_TARGET = 5.1;
			};
			name = Debug;
		};
		535894E021A5044A0047A306 /* Release */ = {
			isa = XCBuildConfiguration;
			buildSettings = {
				ASSETCATALOG_COMPILER_APPICON_NAME = AppIcon;
				CLANG_ANALYZER_NONNULL = YES;
				CLANG_ANALYZER_NUMBER_OBJECT_CONVERSION = YES_AGGRESSIVE;
				CLANG_CXX_LANGUAGE_STANDARD = "gnu++14";
				CLANG_ENABLE_OBJC_WEAK = YES;
				CLANG_WARN_BLOCK_CAPTURE_AUTORELEASING = YES;
				CLANG_WARN_COMMA = YES;
				CLANG_WARN_DEPRECATED_OBJC_IMPLEMENTATIONS = YES;
				CLANG_WARN_DOCUMENTATION_COMMENTS = YES;
				CLANG_WARN_INFINITE_RECURSION = YES;
				CLANG_WARN_NON_LITERAL_NULL_CONVERSION = YES;
				CLANG_WARN_OBJC_IMPLICIT_RETAIN_SELF = YES;
				CLANG_WARN_OBJC_LITERAL_CONVERSION = YES;
				CLANG_WARN_RANGE_LOOP_ANALYSIS = YES;
				CLANG_WARN_STRICT_PROTOTYPES = YES;
				CLANG_WARN_SUSPICIOUS_MOVE = YES;
				CLANG_WARN_UNGUARDED_AVAILABILITY = YES_AGGRESSIVE;
				CODE_SIGN_IDENTITY = "iPhone Distribution: Zhou Xu (6JC78V6G2N)";
				"CODE_SIGN_IDENTITY[sdk=iphoneos*]" = "iPhone Developer";
				CODE_SIGN_STYLE = Automatic;
				DEVELOPMENT_TEAM = 6JC78V6G2N;
				GCC_C_LANGUAGE_STANDARD = gnu11;
				IBSC_MODULE = WJBlueListsWatch_Extension;
				INFOPLIST_FILE = WJBlueListsWatch/Info.plist;
				MTL_FAST_MATH = YES;
				PRODUCT_BUNDLE_IDENTIFIER = chewen.WJBlueLists.watchkitapp;
				PRODUCT_NAME = "$(TARGET_NAME)";
				SDKROOT = watchos;
				SKIP_INSTALL = YES;
				TARGETED_DEVICE_FAMILY = 4;
				WATCHOS_DEPLOYMENT_TARGET = 5.1;
			};
			name = Release;
		};
		535894E121A5044A0047A306 /* Debug */ = {
			isa = XCBuildConfiguration;
			buildSettings = {
				ASSETCATALOG_COMPILER_COMPLICATION_NAME = Complication;
				CLANG_ANALYZER_NONNULL = YES;
				CLANG_ANALYZER_NUMBER_OBJECT_CONVERSION = YES_AGGRESSIVE;
				CLANG_CXX_LANGUAGE_STANDARD = "gnu++14";
				CLANG_ENABLE_OBJC_WEAK = YES;
				CLANG_WARN_BLOCK_CAPTURE_AUTORELEASING = YES;
				CLANG_WARN_COMMA = YES;
				CLANG_WARN_DEPRECATED_OBJC_IMPLEMENTATIONS = YES;
				CLANG_WARN_DOCUMENTATION_COMMENTS = YES;
				CLANG_WARN_INFINITE_RECURSION = YES;
				CLANG_WARN_NON_LITERAL_NULL_CONVERSION = YES;
				CLANG_WARN_OBJC_IMPLICIT_RETAIN_SELF = YES;
				CLANG_WARN_OBJC_LITERAL_CONVERSION = YES;
				CLANG_WARN_RANGE_LOOP_ANALYSIS = YES;
				CLANG_WARN_STRICT_PROTOTYPES = YES;
				CLANG_WARN_SUSPICIOUS_MOVE = YES;
				CLANG_WARN_UNGUARDED_AVAILABILITY = YES_AGGRESSIVE;
				CODE_SIGN_STYLE = Automatic;
				DEVELOPMENT_TEAM = 6JC78V6G2N;
				GCC_C_LANGUAGE_STANDARD = gnu11;
				INFOPLIST_FILE = "WJBlueListsWatch Extension/Info.plist";
				LD_RUNPATH_SEARCH_PATHS = "$(inherited) @executable_path/Frameworks @executable_path/../../Frameworks";
				MTL_ENABLE_DEBUG_INFO = INCLUDE_SOURCE;
				MTL_FAST_MATH = YES;
				PRODUCT_BUNDLE_IDENTIFIER = chewen.WJBlueLists.watchkitapp.watchkitextension;
				PRODUCT_NAME = "${TARGET_NAME}";
				SDKROOT = watchos;
				SKIP_INSTALL = YES;
				TARGETED_DEVICE_FAMILY = 4;
				WATCHOS_DEPLOYMENT_TARGET = 5.1;
			};
			name = Debug;
		};
		535894E221A5044A0047A306 /* Release */ = {
			isa = XCBuildConfiguration;
			buildSettings = {
				ASSETCATALOG_COMPILER_COMPLICATION_NAME = Complication;
				CLANG_ANALYZER_NONNULL = YES;
				CLANG_ANALYZER_NUMBER_OBJECT_CONVERSION = YES_AGGRESSIVE;
				CLANG_CXX_LANGUAGE_STANDARD = "gnu++14";
				CLANG_ENABLE_OBJC_WEAK = YES;
				CLANG_WARN_BLOCK_CAPTURE_AUTORELEASING = YES;
				CLANG_WARN_COMMA = YES;
				CLANG_WARN_DEPRECATED_OBJC_IMPLEMENTATIONS = YES;
				CLANG_WARN_DOCUMENTATION_COMMENTS = YES;
				CLANG_WARN_INFINITE_RECURSION = YES;
				CLANG_WARN_NON_LITERAL_NULL_CONVERSION = YES;
				CLANG_WARN_OBJC_IMPLICIT_RETAIN_SELF = YES;
				CLANG_WARN_OBJC_LITERAL_CONVERSION = YES;
				CLANG_WARN_RANGE_LOOP_ANALYSIS = YES;
				CLANG_WARN_STRICT_PROTOTYPES = YES;
				CLANG_WARN_SUSPICIOUS_MOVE = YES;
				CLANG_WARN_UNGUARDED_AVAILABILITY = YES_AGGRESSIVE;
				CODE_SIGN_STYLE = Automatic;
				DEVELOPMENT_TEAM = 6JC78V6G2N;
				GCC_C_LANGUAGE_STANDARD = gnu11;
				INFOPLIST_FILE = "WJBlueListsWatch Extension/Info.plist";
				LD_RUNPATH_SEARCH_PATHS = "$(inherited) @executable_path/Frameworks @executable_path/../../Frameworks";
				MTL_FAST_MATH = YES;
				PRODUCT_BUNDLE_IDENTIFIER = chewen.WJBlueLists.watchkitapp.watchkitextension;
				PRODUCT_NAME = "${TARGET_NAME}";
				SDKROOT = watchos;
				SKIP_INSTALL = YES;
				TARGETED_DEVICE_FAMILY = 4;
				WATCHOS_DEPLOYMENT_TARGET = 5.1;
			};
			name = Release;
		};
		5395140E1DE6930A0059F87A /* Debug */ = {
			isa = XCBuildConfiguration;
			buildSettings = {
				CLANG_ANALYZER_NONNULL = YES;
				CLANG_WARN_DOCUMENTATION_COMMENTS = YES;
				CLANG_WARN_INFINITE_RECURSION = YES;
				CLANG_WARN_SUSPICIOUS_MOVES = YES;
				CODE_SIGN_IDENTITY = "iPhone Distribution: Zhou Xu (6JC78V6G2N)";
				"CODE_SIGN_IDENTITY[sdk=iphoneos*]" = "iPhone Developer";
				DEVELOPMENT_TEAM = "";
				INFOPLIST_FILE = WJBlueListWidget/Info.plist;
				IPHONEOS_DEPLOYMENT_TARGET = 10.1;
				LD_RUNPATH_SEARCH_PATHS = "$(inherited) @executable_path/Frameworks @executable_path/../../Frameworks";
				PRODUCT_BUNDLE_IDENTIFIER = chewen.WJBlueLists.WJBlueListWidget;
				PRODUCT_NAME = "$(TARGET_NAME)";
				PROVISIONING_PROFILE = "";
				PROVISIONING_PROFILE_SPECIFIER = "";
				SKIP_INSTALL = YES;
			};
			name = Debug;
		};
		5395140F1DE6930A0059F87A /* Release */ = {
			isa = XCBuildConfiguration;
			buildSettings = {
				CLANG_ANALYZER_NONNULL = YES;
				CLANG_WARN_DOCUMENTATION_COMMENTS = YES;
				CLANG_WARN_INFINITE_RECURSION = YES;
				CLANG_WARN_SUSPICIOUS_MOVES = YES;
				CODE_SIGN_IDENTITY = "iPhone Distribution: Zhou Xu (6JC78V6G2N)";
				"CODE_SIGN_IDENTITY[sdk=iphoneos*]" = "iPhone Developer";
				DEVELOPMENT_TEAM = "";
				INFOPLIST_FILE = WJBlueListWidget/Info.plist;
				IPHONEOS_DEPLOYMENT_TARGET = 10.1;
				LD_RUNPATH_SEARCH_PATHS = "$(inherited) @executable_path/Frameworks @executable_path/../../Frameworks";
				PRODUCT_BUNDLE_IDENTIFIER = chewen.WJBlueLists.WJBlueListWidget;
				PRODUCT_NAME = "$(TARGET_NAME)";
				PROVISIONING_PROFILE = "";
				PROVISIONING_PROFILE_SPECIFIER = "";
				SKIP_INSTALL = YES;
			};
			name = Release;
		};
/* End XCBuildConfiguration section */

/* Begin XCConfigurationList section */
		24CD14091CD9A2C200E19F1B /* Build configuration list for PBXProject "WJBlueLists" */ = {
			isa = XCConfigurationList;
			buildConfigurations = (
				24CD14391CD9A2C200E19F1B /* Debug */,
				24CD143A1CD9A2C200E19F1B /* Release */,
			);
			defaultConfigurationIsVisible = 0;
			defaultConfigurationName = Release;
		};
		24CD143B1CD9A2C200E19F1B /* Build configuration list for PBXNativeTarget "WJBlueLists" */ = {
			isa = XCConfigurationList;
			buildConfigurations = (
				24CD143C1CD9A2C200E19F1B /* Debug */,
				24CD143D1CD9A2C200E19F1B /* Release */,
			);
			defaultConfigurationIsVisible = 0;
			defaultConfigurationName = Release;
		};
		535894E321A5044A0047A306 /* Build configuration list for PBXNativeTarget "WJBlueListsWatch Extension" */ = {
			isa = XCConfigurationList;
			buildConfigurations = (
				535894E121A5044A0047A306 /* Debug */,
				535894E221A5044A0047A306 /* Release */,
			);
			defaultConfigurationIsVisible = 0;
			defaultConfigurationName = Release;
		};
		535894E521A5044A0047A306 /* Build configuration list for PBXNativeTarget "WJBlueListsWatch" */ = {
			isa = XCConfigurationList;
			buildConfigurations = (
				535894DF21A5044A0047A306 /* Debug */,
				535894E021A5044A0047A306 /* Release */,
			);
			defaultConfigurationIsVisible = 0;
			defaultConfigurationName = Release;
		};
		539514101DE6930A0059F87A /* Build configuration list for PBXNativeTarget "WJBlueListWidget" */ = {
			isa = XCConfigurationList;
			buildConfigurations = (
				5395140E1DE6930A0059F87A /* Debug */,
				5395140F1DE6930A0059F87A /* Release */,
			);
			defaultConfigurationIsVisible = 0;
			defaultConfigurationName = Release;
		};
/* End XCConfigurationList section */
	};
	rootObject = 24CD14061CD9A2C200E19F1B /* Project object */;
}
